// !$*UTF8*$!
{
	archiveVersion = 1;
	classes = {
	};
	objectVersion = 46;
	objects = {

/* Begin PBXBuildFile section */
		EB1C78AF1BCF747800BF7814 /* AppDelegate.swift in Sources */ = {isa = PBXBuildFile; fileRef = EB1C78AE1BCF747800BF7814 /* AppDelegate.swift */; };
		EB1C78B11BCF747800BF7814 /* ViewController.swift in Sources */ = {isa = PBXBuildFile; fileRef = EB1C78B01BCF747800BF7814 /* ViewController.swift */; };
		EB1C78B41BCF747800BF7814 /* Main.storyboard in Resources */ = {isa = PBXBuildFile; fileRef = EB1C78B21BCF747800BF7814 /* Main.storyboard */; };
		EB1C78B61BCF747800BF7814 /* Assets.xcassets in Resources */ = {isa = PBXBuildFile; fileRef = EB1C78B51BCF747800BF7814 /* Assets.xcassets */; };
		EB1C78B91BCF747800BF7814 /* LaunchScreen.storyboard in Resources */ = {isa = PBXBuildFile; fileRef = EB1C78B71BCF747800BF7814 /* LaunchScreen.storyboard */; };
		EB1C78C41BCF747900BF7814 /* TCPSocketDemoSwiftUITests.swift in Sources */ = {isa = PBXBuildFile; fileRef = EB1C78C31BCF747900BF7814 /* TCPSocketDemoSwiftUITests.swift */; };
		EB1C78CF1BCF751E00BF7814 /* TCPSocketConnection.swift in Sources */ = {isa = PBXBuildFile; fileRef = EB1C78CE1BCF751E00BF7814 /* TCPSocketConnection.swift */; settings = {ASSET_TAGS = (); }; };
/* End PBXBuildFile section */

/* Begin PBXContainerItemProxy section */
		EB1C78C01BCF747900BF7814 /* PBXContainerItemProxy */ = {
			isa = PBXContainerItemProxy;
			containerPortal = EB1C78A31BCF747800BF7814 /* Project object */;
			proxyType = 1;
			remoteGlobalIDString = EB1C78AA1BCF747800BF7814;
			remoteInfo = TCPSocketDemoSwift;
		};
/* End PBXContainerItemProxy section */

/* Begin PBXFileReference section */
		EB1C78AB1BCF747800BF7814 /* TCPSocketDemoSwift.app */ = {isa = PBXFileReference; explicitFileType = wrapper.application; includeInIndex = 0; path = TCPSocketDemoSwift.app; sourceTree = BUILT_PRODUCTS_DIR; };
		EB1C78AE1BCF747800BF7814 /* AppDelegate.swift */ = {isa = PBXFileReference; lastKnownFileType = sourcecode.swift; path = AppDelegate.swift; sourceTree = "<group>"; };
		EB1C78B01BCF747800BF7814 /* ViewController.swift */ = {isa = PBXFileReference; lastKnownFileType = sourcecode.swift; path = ViewController.swift; sourceTree = "<group>"; };
		EB1C78B31BCF747800BF7814 /* Base */ = {isa = PBXFileReference; lastKnownFileType = file.storyboard; name = Base; path = Base.lproj/Main.storyboard; sourceTree = "<group>"; };
		EB1C78B51BCF747800BF7814 /* Assets.xcassets */ = {isa = PBXFileReference; lastKnownFileType = folder.assetcatalog; path = Assets.xcassets; sourceTree = "<group>"; };
		EB1C78B81BCF747800BF7814 /* Base */ = {isa = PBXFileReference; lastKnownFileType = file.storyboard; name = Base; path = Base.lproj/LaunchScreen.storyboard; sourceTree = "<group>"; };
		EB1C78BA1BCF747800BF7814 /* Info.plist */ = {isa = PBXFileReference; lastKnownFileType = text.plist.xml; path = Info.plist; sourceTree = "<group>"; };
		EB1C78BF1BCF747900BF7814 /* TCPSocketDemoSwiftUITests.xctest */ = {isa = PBXFileReference; explicitFileType = wrapper.cfbundle; includeInIndex = 0; path = TCPSocketDemoSwiftUITests.xctest; sourceTree = BUILT_PRODUCTS_DIR; };
		EB1C78C31BCF747900BF7814 /* TCPSocketDemoSwiftUITests.swift */ = {isa = PBXFileReference; lastKnownFileType = sourcecode.swift; path = TCPSocketDemoSwiftUITests.swift; sourceTree = "<group>"; };
		EB1C78C51BCF747900BF7814 /* Info.plist */ = {isa = PBXFileReference; lastKnownFileType = text.plist.xml; path = Info.plist; sourceTree = "<group>"; };
		EB1C78CE1BCF751E00BF7814 /* TCPSocketConnection.swift */ = {isa = PBXFileReference; fileEncoding = 4; lastKnownFileType = sourcecode.swift; path = TCPSocketConnection.swift; sourceTree = "<group>"; };
/* End PBXFileReference section */

/* Begin PBXFrameworksBuildPhase section */
		EB1C78A81BCF747800BF7814 /* Frameworks */ = {
			isa = PBXFrameworksBuildPhase;
			buildActionMask = 2147483647;
			files = (
			);
			runOnlyForDeploymentPostprocessing = 0;
		};
		EB1C78BC1BCF747900BF7814 /* Frameworks */ = {
			isa = PBXFrameworksBuildPhase;
			buildActionMask = 2147483647;
			files = (
			);
			runOnlyForDeploymentPostprocessing = 0;
		};
/* End PBXFrameworksBuildPhase section */

/* Begin PBXGroup section */
		EB1C78A21BCF747800BF7814 = {
			isa = PBXGroup;
			children = (
				EB1C78AD1BCF747800BF7814 /* TCPSocketDemoSwift */,
				EB1C78C21BCF747900BF7814 /* TCPSocketDemoSwiftUITests */,
				EB1C78AC1BCF747800BF7814 /* Products */,
			);
			sourceTree = "<group>";
		};
		EB1C78AC1BCF747800BF7814 /* Products */ = {
			isa = PBXGroup;
			children = (
				EB1C78AB1BCF747800BF7814 /* TCPSocketDemoSwift.app */,
				EB1C78BF1BCF747900BF7814 /* TCPSocketDemoSwiftUITests.xctest */,
			);
			name = Products;
			sourceTree = "<group>";
		};
		EB1C78AD1BCF747800BF7814 /* TCPSocketDemoSwift */ = {
			isa = PBXGroup;
			children = (
				EB1C78CE1BCF751E00BF7814 /* TCPSocketConnection.swift */,
				EB1C78AE1BCF747800BF7814 /* AppDelegate.swift */,
				EB1C78B01BCF747800BF7814 /* ViewController.swift */,
				EB1C78B21BCF747800BF7814 /* Main.storyboard */,
				EB1C78B51BCF747800BF7814 /* Assets.xcassets */,
				EB1C78B71BCF747800BF7814 /* LaunchScreen.storyboard */,
				EB1C78BA1BCF747800BF7814 /* Info.plist */,
			);
			path = TCPSocketDemoSwift;
			sourceTree = "<group>";
		};
		EB1C78C21BCF747900BF7814 /* TCPSocketDemoSwiftUITests */ = {
			isa = PBXGroup;
			children = (
				EB1C78C31BCF747900BF7814 /* TCPSocketDemoSwiftUITests.swift */,
				EB1C78C51BCF747900BF7814 /* Info.plist */,
			);
			path = TCPSocketDemoSwiftUITests;
			sourceTree = "<group>";
		};
/* End PBXGroup section */

/* Begin PBXNativeTarget section */
		EB1C78AA1BCF747800BF7814 /* TCPSocketDemoSwift */ = {
			isa = PBXNativeTarget;
			buildConfigurationList = EB1C78C81BCF747900BF7814 /* Build configuration list for PBXNativeTarget "TCPSocketDemoSwift" */;
			buildPhases = (
				EB1C78A71BCF747800BF7814 /* Sources */,
				EB1C78A81BCF747800BF7814 /* Frameworks */,
				EB1C78A91BCF747800BF7814 /* Resources */,
			);
			buildRules = (
			);
			dependencies = (
			);
			name = TCPSocketDemoSwift;
			productName = TCPSocketDemoSwift;
			productReference = EB1C78AB1BCF747800BF7814 /* TCPSocketDemoSwift.app */;
			productType = "com.apple.product-type.application";
		};
		EB1C78BE1BCF747900BF7814 /* TCPSocketDemoSwiftUITests */ = {
			isa = PBXNativeTarget;
			buildConfigurationList = EB1C78CB1BCF747900BF7814 /* Build configuration list for PBXNativeTarget "TCPSocketDemoSwiftUITests" */;
			buildPhases = (
				EB1C78BB1BCF747900BF7814 /* Sources */,
				EB1C78BC1BCF747900BF7814 /* Frameworks */,
				EB1C78BD1BCF747900BF7814 /* Resources */,
			);
			buildRules = (
			);
			dependencies = (
				EB1C78C11BCF747900BF7814 /* PBXTargetDependency */,
			);
			name = TCPSocketDemoSwiftUITests;
			productName = TCPSocketDemoSwiftUITests;
			productReference = EB1C78BF1BCF747900BF7814 /* TCPSocketDemoSwiftUITests.xctest */;
			productType = "com.apple.product-type.bundle.ui-testing";
		};
/* End PBXNativeTarget section */

/* Begin PBXProject section */
		EB1C78A31BCF747800BF7814 /* Project object */ = {
			isa = PBXProject;
			attributes = {
				LastUpgradeCheck = 0700;
				ORGANIZATIONNAME = Cuelogic;
				TargetAttributes = {
					EB1C78AA1BCF747800BF7814 = {
						CreatedOnToolsVersion = 7.0;
					};
					EB1C78BE1BCF747900BF7814 = {
						CreatedOnToolsVersion = 7.0;
						TestTargetID = EB1C78AA1BCF747800BF7814;
					};
				};
			};
			buildConfigurationList = EB1C78A61BCF747800BF7814 /* Build configuration list for PBXProject "TCPSocketDemoSwift" */;
			compatibilityVersion = "Xcode 3.2";
			developmentRegion = English;
			hasScannedForEncodings = 0;
			knownRegions = (
				en,
				Base,
			);
			mainGroup = EB1C78A21BCF747800BF7814;
			productRefGroup = EB1C78AC1BCF747800BF7814 /* Products */;
			projectDirPath = "";
			projectRoot = "";
			targets = (
				EB1C78AA1BCF747800BF7814 /* TCPSocketDemoSwift */,
				EB1C78BE1BCF747900BF7814 /* TCPSocketDemoSwiftUITests */,
			);
		};
/* End PBXProject section */

/* Begin PBXResourcesBuildPhase section */
		EB1C78A91BCF747800BF7814 /* Resources */ = {
			isa = PBXResourcesBuildPhase;
			buildActionMask = 2147483647;
			files = (
				EB1C78B91BCF747800BF7814 /* LaunchScreen.storyboard in Resources */,
				EB1C78B61BCF747800BF7814 /* Assets.xcassets in Resources */,
				EB1C78B41BCF747800BF7814 /* Main.storyboard in Resources */,
			);
			runOnlyForDeploymentPostprocessing = 0;
		};
		EB1C78BD1BCF747900BF7814 /* Resources */ = {
			isa = PBXResourcesBuildPhase;
			buildActionMask = 2147483647;
			files = (
			);
			runOnlyForDeploymentPostprocessing = 0;
		};
/* End PBXResourcesBuildPhase section */

/* Begin PBXSourcesBuildPhase section */
		EB1C78A71BCF747800BF7814 /* Sources */ = {
			isa = PBXSourcesBuildPhase;
			buildActionMask = 2147483647;
			files = (
				EB1C78CF1BCF751E00BF7814 /* TCPSocketConnection.swift in Sources */,
				EB1C78B11BCF747800BF7814 /* ViewController.swift in Sources */,
				EB1C78AF1BCF747800BF7814 /* AppDelegate.swift in Sources */,
			);
			runOnlyForDeploymentPostprocessing = 0;
		};
		EB1C78BB1BCF747900BF7814 /* Sources */ = {
			isa = PBXSourcesBuildPhase;
			buildActionMask = 2147483647;
			files = (
				EB1C78C41BCF747900BF7814 /* TCPSocketDemoSwiftUITests.swift in Sources */,
			);
			runOnlyForDeploymentPostprocessing = 0;
		};
/* End PBXSourcesBuildPhase section */

/* Begin PBXTargetDependency section */
		EB1C78C11BCF747900BF7814 /* PBXTargetDependency */ = {
			isa = PBXTargetDependency;
			target = EB1C78AA1BCF747800BF7814 /* TCPSocketDemoSwift */;
			targetProxy = EB1C78C01BCF747900BF7814 /* PBXContainerItemProxy */;
		};
/* End PBXTargetDependency section */

/* Begin PBXVariantGroup section */
		EB1C78B21BCF747800BF7814 /* Main.storyboard */ = {
			isa = PBXVariantGroup;
			children = (
				EB1C78B31BCF747800BF7814 /* Base */,
			);
			name = Main.storyboard;
			sourceTree = "<group>";
		};
		EB1C78B71BCF747800BF7814 /* LaunchScreen.storyboard */ = {
			isa = PBXVariantGroup;
			children = (
				EB1C78B81BCF747800BF7814 /* Base */,
			);
			name = LaunchScreen.storyboard;
			sourceTree = "<group>";
		};
/* End PBXVariantGroup section */

/* Begin XCBuildConfiguration section */
		EB1C78C61BCF747900BF7814 /* Debug */ = {
			isa = XCBuildConfiguration;
			buildSettings = {
				ALWAYS_SEARCH_USER_PATHS = NO;
				CLANG_CXX_LANGUAGE_STANDARD = "gnu++0x";
				CLANG_CXX_LIBRARY = "libc++";
				CLANG_ENABLE_MODULES = YES;
				CLANG_ENABLE_OBJC_ARC = YES;
				CLANG_WARN_BOOL_CONVERSION = YES;
				CLANG_WARN_CONSTANT_CONVERSION = YES;
				CLANG_WARN_DIRECT_OBJC_ISA_USAGE = YES_ERROR;
				CLANG_WARN_EMPTY_BODY = YES;
				CLANG_WARN_ENUM_CONVERSION = YES;
				CLANG_WARN_INT_CONVERSION = YES;
				CLANG_WARN_OBJC_ROOT_CLASS = YES_ERROR;
				CLANG_WARN_UNREACHABLE_CODE = YES;
				CLANG_WARN__DUPLICATE_METHOD_MATCH = YES;
				"CODE_SIGN_IDENTITY[sdk=iphoneos*]" = "iPhone Developer";
				COPY_PHASE_STRIP = NO;
				DEBUG_INFORMATION_FORMAT = dwarf;
				ENABLE_STRICT_OBJC_MSGSEND = YES;
				ENABLE_TESTABILITY = YES;
				GCC_C_LANGUAGE_STANDARD = gnu99;
				GCC_DYNAMIC_NO_PIC = NO;
				GCC_NO_COMMON_BLOCKS = YES;
				GCC_OPTIMIZATION_LEVEL = 0;
				GCC_PREPROCESSOR_DEFINITIONS = (
					"DEBUG=1",
					"$(inherited)",
				);
				GCC_WARN_64_TO_32_BIT_CONVERSION = YES;
				GCC_WARN_ABOUT_RETURN_TYPE = YES_ERROR;
				GCC_WARN_UNDECLARED_SELECTOR = YES;
				GCC_WARN_UNINITIALIZED_AUTOS = YES_AGGRESSIVE;
				GCC_WARN_UNUSED_FUNCTION = YES;
				GCC_WARN_UNUSED_VARIABLE = YES;
				IPHONEOS_DEPLOYMENT_TARGET = 9.0;
				MTL_ENABLE_DEBUG_INFO = YES;
				ONLY_ACTIVE_ARCH = YES;
				SDKROOT = iphoneos;
				SWIFT_OPTIMIZATION_LEVEL = "-Onone";
				TARGETED_DEVICE_FAMILY = "1,2";
			};
			name = Debug;
		};
		EB1C78C71BCF747900BF7814 /* Release */ = {
			isa = XCBuildConfiguration;
			buildSettings = {
				ALWAYS_SEARCH_USER_PATHS = NO;
				CLANG_CXX_LANGUAGE_STANDARD = "gnu++0x";
				CLANG_CXX_LIBRARY = "libc++";
				CLANG_ENABLE_MODULES = YES;
				CLANG_ENABLE_OBJC_ARC = YES;
				CLANG_WARN_BOOL_CONVERSION = YES;
				CLANG_WARN_CONSTANT_CONVERSION = YES;
				CLANG_WARN_DIRECT_OBJC_ISA_USAGE = YES_ERROR;
				CLANG_WARN_EMPTY_BODY = YES;
				CLANG_WARN_ENUM_CONVERSION = YES;
				CLANG_WARN_INT_CONVERSION = YES;
				CLANG_WARN_OBJC_ROOT_CLASS = YES_ERROR;
				CLANG_WARN_UNREACHABLE_CODE = YES;
				CLANG_WARN__DUPLICATE_METHOD_MATCH = YES;
				"CODE_SIGN_IDENTITY[sdk=iphoneos*]" = "iPhone Developer";
				COPY_PHASE_STRIP = NO;
				DEBUG_INFORMATION_FORMAT = "dwarf-with-dsym";
				ENABLE_NS_ASSERTIONS = NO;
				ENABLE_STRICT_OBJC_MSGSEND = YES;
				GCC_C_LANGUAGE_STANDARD = gnu99;
				GCC_NO_COMMON_BLOCKS = YES;
				GCC_WARN_64_TO_32_BIT_CONVERSION = YES;
				GCC_WARN_ABOUT_RETURN_TYPE = YES_ERROR;
				GCC_WARN_UNDECLARED_SELECTOR = YES;
				GCC_WARN_UNINITIALIZED_AUTOS = YES_AGGRESSIVE;
				GCC_WARN_UNUSED_FUNCTION = YES;
				GCC_WARN_UNUSED_VARIABLE = YES;
				IPHONEOS_DEPLOYMENT_TARGET = 9.0;
				MTL_ENABLE_DEBUG_INFO = NO;
				SDKROOT = iphoneos;
				TARGETED_DEVICE_FAMILY = "1,2";
				VALIDATE_PRODUCT = YES;
			};
			name = Release;
		};
		EB1C78C91BCF747900BF7814 /* Debug */ = {
			isa = XCBuildConfiguration;
			buildSettings = {
				ASSETCATALOG_COMPILER_APPICON_NAME = AppIcon;
				INFOPLIST_FILE = TCPSocketDemoSwift/Info.plist;
				IPHONEOS_DEPLOYMENT_TARGET = 8.0;
				LD_RUNPATH_SEARCH_PATHS = "$(inherited) @executable_path/Frameworks";
				PRODUCT_BUNDLE_IDENTIFIER = com.cuelogic..TCPSocketDemoSwift;
				PRODUCT_NAME = "$(TARGET_NAME)";
			};
			name = Debug;
		};
		EB1C78CA1BCF747900BF7814 /* Release */ = {
			isa = XCBuildConfiguration;
			buildSettings = {
				ASSETCATALOG_COMPILER_APPICON_NAME = AppIcon;
				INFOPLIST_FILE = TCPSocketDemoSwift/Info.plist;
				IPHONEOS_DEPLOYMENT_TARGET = 8.0;
				LD_RUNPATH_SEARCH_PATHS = "$(inherited) @executable_path/Frameworks";
				PRODUCT_BUNDLE_IDENTIFIER = com.cuelogic..TCPSocketDemoSwift;
				PRODUCT_NAME = "$(TARGET_NAME)";
			};
			name = Release;
		};
		EB1C78CC1BCF747900BF7814 /* Debug */ = {
			isa = XCBuildConfiguration;
			buildSettings = {
				INFOPLIST_FILE = TCPSocketDemoSwiftUITests/Info.plist;
				LD_RUNPATH_SEARCH_PATHS = "$(inherited) @executable_path/Frameworks @loader_path/Frameworks";
				PRODUCT_BUNDLE_IDENTIFIER = com.cuelogic..TCPSocketDemoSwiftUITests;
				PRODUCT_NAME = "$(TARGET_NAME)";
				TEST_TARGET_NAME = TCPSocketDemoSwift;
				USES_XCTRUNNER = YES;
			};
			name = Debug;
		};
		EB1C78CD1BCF747900BF7814 /* Release */ = {
			isa = XCBuildConfiguration;
			buildSettings = {
				INFOPLIST_FILE = TCPSocketDemoSwiftUITests/Info.plist;
				LD_RUNPATH_SEARCH_PATHS = "$(inherited) @executable_path/Frameworks @loader_path/Frameworks";
				PRODUCT_BUNDLE_IDENTIFIER = com.cuelogic..TCPSocketDemoSwiftUITests;
				PRODUCT_NAME = "$(TARGET_NAME)";
				TEST_TARGET_NAME = TCPSocketDemoSwift;
				USES_XCTRUNNER = YES;
			};
			name = Release;
		};
/* End XCBuildConfiguration section */

/* Begin XCConfigurationList section */
		EB1C78A61BCF747800BF7814 /* Build configuration list for PBXProject "TCPSocketDemoSwift" */ = {
			isa = XCConfigurationList;
			buildConfigurations = (
				EB1C78C61BCF747900BF7814 /* Debug */,
				EB1C78C71BCF747900BF7814 /* Release */,
			);
			defaultConfigurationIsVisible = 0;
			defaultConfigurationName = Release;
		};
		EB1C78C81BCF747900BF7814 /* Build configuration list for PBXNativeTarget "TCPSocketDemoSwift" */ = {
			isa = XCConfigurationList;
			buildConfigurations = (
				EB1C78C91BCF747900BF7814 /* Debug */,
				EB1C78CA1BCF747900BF7814 /* Release */,
			);
			defaultConfigurationIsVisible = 0;
		};
		EB1C78CB1BCF747900BF7814 /* Build configuration list for PBXNativeTarget "TCPSocketDemoSwiftUITests" */ = {
			isa = XCConfigurationList;
			buildConfigurations = (
				EB1C78CC1BCF747900BF7814 /* Debug */,
				EB1C78CD1BCF747900BF7814 /* Release */,
			);
			defaultConfigurationIsVisible = 0;
		};
/* End XCConfigurationList section */
	};
	rootObject = EB1C78A31BCF747800BF7814 /* Project object */;
}
